{
    "_readme": [
        "This file locks the dependencies of your project to a known state",
        "Read more about it at https://getcomposer.org/doc/01-basic-usage.md#installing-dependencies",
        "This file is @generated automatically"
    ],
    "content-hash": "f0ee4469cb3ac9a2fe4209db8a19b8c2",
    "packages": [
        {
            "name": "wpfluent/framework",
            "version": "2.2.18",
            "source": {
                "type": "git",
                "url": "git@github.com:wpfluent/framework.git",
                "reference": "013e1aeb47f5a1b2f6b3c4523404f833de4af4ae"
            },
            "dist": {
                "type": "zip",
                "url": "https://api.github.com/repos/wpfluent/framework/zipball/013e1aeb47f5a1b2f6b3c4523404f833de4af4ae",
                "reference": "013e1aeb47f5a1b2f6b3c4523404f833de4af4ae",
                "shasum": ""
            },
            "require": {
                "ext-json": "*",
                "php": "^7.3|^8.0"
            },
            "type": "library",
            "extra": {
                "branch-alias": {
                    "dev-master": "2.0.x-dev"
                }
            },
            "autoload": {
                "psr-4": {
                    "WPFluent\\": "src/WPFluent"
                }
            },
            "license": [
                "MIT"
            ],
            "authors": [
                {
                    "name": "Sheikh Heera",
                    "email": "heera.sheikh77@gmail.com"
                }
            ],
            "description": "A lightweight rest api based framework to build WordPress plugins.",
            "support": {
                "source": "https://github.com/wpfluent/framework/tree/2.2.18",
                "issues": "https://github.com/wpfluent/framework/issues"
            },
            "time": "2023-11-12T17:25:09+00:00"
        }
    ],
    "packages-dev": [],
    "aliases": [],
    "minimum-stability": "dev",
    "stability-flags": [],
    "prefer-stable": true,
    "prefer-lowest": false,
    "platform": [],
    "platform-dev": [],
    "plugin-api-version": "2.6.0"
}
