{
    "_readme": [
        "This file locks the dependencies of your project to a known state",
        "Read more about it at https://getcomposer.org/doc/01-basic-usage.md#installing-dependencies",
        "This file is @generated automatically"
    ],
    "content-hash": "1440a213c410053929a79dbf8be239d1",
    "packages": [
        {
            "name": "wpfluent/framework",
            "version": "2.2.40",
            "source": {
                "type": "git",
                "url": "git@github.com:wpfluent/framework.git",
                "reference": "b918954592e5e755cf2bb073c9be9cc43bc0da0f"
            },
            "dist": {
                "type": "zip",
                "url": "https://api.github.com/repos/wpfluent/framework/zipball/b918954592e5e755cf2bb073c9be9cc43bc0da0f",
                "reference": "b918954592e5e755cf2bb073c9be9cc43bc0da0f",
                "shasum": ""
            },
            "require": {
                "ext-json": "*",
                "php": "^7.3|^8.0"
            },
            "type": "library",
            "extra": {
                "branch-alias": {
                    "dev-master": "2.0.x-dev"
                }
            },
            "autoload": {
                "psr-4": {
                    "WPFluent\\": "src/WPFluent"
                }
            },
            "license": [
                "MIT"
            ],
            "authors": [
                {
                    "name": "Sheikh Heera",
                    "email": "heera.sheikh77@gmail.com"
                }
            ],
            "description": "A lightweight rest api based framework to build WordPress plugins.",
            "support": {
                "source": "https://github.com/wpfluent/framework/tree/2.2.40",
                "issues": "https://github.com/wpfluent/framework/issues"
            },
            "time": "2023-12-15T09:48:45+00:00"
        }
    ],
    "packages-dev": [],
    "aliases": [],
    "minimum-stability": "dev",
    "stability-flags": [],
    "prefer-stable": true,
    "prefer-lowest": false,
    "platform": [],
    "platform-dev": [],
    "plugin-api-version": "2.6.0"
}
